// !$*UTF8*$!
{
	archiveVersion = 1;
	classes = {
	};
	objectVersion = 46;
	objects = {

/* Begin PBXBuildFile section */
		4D2C44861AD5B85B004D46DA /* main.m in Sources */ = {isa = PBXBuildFile; fileRef = 4D2C44851AD5B85B004D46DA /* main.m */; };
		4D2C44891AD5B85B004D46DA /* AppDelegate.m in Sources */ = {isa = PBXBuildFile; fileRef = 4D2C44881AD5B85B004D46DA /* AppDelegate.m */; };
		4D2C448C1AD5B85B004D46DA /* ViewController.m in Sources */ = {isa = PBXBuildFile; fileRef = 4D2C448B1AD5B85B004D46DA /* ViewController.m */; };
		4D2C448F1AD5B85B004D46DA /* Main.storyboard in Resources */ = {isa = PBXBuildFile; fileRef = 4D2C448D1AD5B85B004D46DA /* Main.storyboard */; };
		4D2C44911AD5B85B004D46DA /* Images.xcassets in Resources */ = {isa = PBXBuildFile; fileRef = 4D2C44901AD5B85B004D46DA /* Images.xcassets */; };
		4D2C44941AD5B85B004D46DA /* LaunchScreen.xib in Resources */ = {isa = PBXBuildFile; fileRef = 4D2C44921AD5B85B004D46DA /* LaunchScreen.xib */; };
		4D2C44A01AD5B85B004D46DA /* WKWebViewEXTests.m in Sources */ = {isa = PBXBuildFile; fileRef = 4D2C449F1AD5B85B004D46DA /* WKWebViewEXTests.m */; };
/* End PBXBuildFile section */

/* Begin PBXContainerItemProxy section */
		4D2C449A1AD5B85B004D46DA /* PBXContainerItemProxy */ = {
			isa = PBXContainerItemProxy;
			containerPortal = 4D2C44781AD5B85B004D46DA /* Project object */;
			proxyType = 1;
			remoteGlobalIDString = 4D2C447F1AD5B85B004D46DA;
			remoteInfo = WKWebViewEX;
		};
/* End PBXContainerItemProxy section */

/* Begin PBXFileReference section */
		4D2C44801AD5B85B004D46DA /* WKWebViewEX.app */ = {isa = PBXFileReference; explicitFileType = wrapper.application; includeInIndex = 0; path = WKWebViewEX.app; sourceTree = BUILT_PRODUCTS_DIR; };
		4D2C44841AD5B85B004D46DA /* Info.plist */ = {isa = PBXFileReference; lastKnownFileType = text.plist.xml; path = Info.plist; sourceTree = "<group>"; };
		4D2C44851AD5B85B004D46DA /* main.m */ = {isa = PBXFileReference; lastKnownFileType = sourcecode.c.objc; path = main.m; sourceTree = "<group>"; };
		4D2C44871AD5B85B004D46DA /* AppDelegate.h */ = {isa = PBXFileReference; lastKnownFileType = sourcecode.c.h; path = AppDelegate.h; sourceTree = "<group>"; };
		4D2C44881AD5B85B004D46DA /* AppDelegate.m */ = {isa = PBXFileReference; lastKnownFileType = sourcecode.c.objc; path = AppDelegate.m; sourceTree = "<group>"; };
		4D2C448A1AD5B85B004D46DA /* ViewController.h */ = {isa = PBXFileReference; lastKnownFileType = sourcecode.c.h; path = ViewController.h; sourceTree = "<group>"; };
		4D2C448B1AD5B85B004D46DA /* ViewController.m */ = {isa = PBXFileReference; lastKnownFileType = sourcecode.c.objc; path = ViewController.m; sourceTree = "<group>"; };
		4D2C448E1AD5B85B004D46DA /* Base */ = {isa = PBXFileReference; lastKnownFileType = file.storyboard; name = Base; path = Base.lproj/Main.storyboard; sourceTree = "<group>"; };
		4D2C44901AD5B85B004D46DA /* Images.xcassets */ = {isa = PBXFileReference; lastKnownFileType = folder.assetcatalog; path = Images.xcassets; sourceTree = "<group>"; };
		4D2C44931AD5B85B004D46DA /* Base */ = {isa = PBXFileReference; lastKnownFileType = file.xib; name = Base; path = Base.lproj/LaunchScreen.xib; sourceTree = "<group>"; };
		4D2C44991AD5B85B004D46DA /* WKWebViewEXTests.xctest */ = {isa = PBXFileReference; explicitFileType = wrapper.cfbundle; includeInIndex = 0; path = WKWebViewEXTests.xctest; sourceTree = BUILT_PRODUCTS_DIR; };
		4D2C449E1AD5B85B004D46DA /* Info.plist */ = {isa = PBXFileReference; lastKnownFileType = text.plist.xml; path = Info.plist; sourceTree = "<group>"; };
		4D2C449F1AD5B85B004D46DA /* WKWebViewEXTests.m */ = {isa = PBXFileReference; lastKnownFileType = sourcecode.c.objc; path = WKWebViewEXTests.m; sourceTree = "<group>"; };
/* End PBXFileReference section */

/* Begin PBXFrameworksBuildPhase section */
		4D2C447D1AD5B85B004D46DA /* Frameworks */ = {
			isa = PBXFrameworksBuildPhase;
			buildActionMask = 2147483647;
			files = (
			);
			runOnlyForDeploymentPostprocessing = 0;
		};
		4D2C44961AD5B85B004D46DA /* Frameworks */ = {
			isa = PBXFrameworksBuildPhase;
			buildActionMask = 2147483647;
			files = (
			);
			runOnlyForDeploymentPostprocessing = 0;
		};
/* End PBXFrameworksBuildPhase section */

/* Begin PBXGroup section */
		4D2C44771AD5B85B004D46DA = {
			isa = PBXGroup;
			children = (
				4D2C44821AD5B85B004D46DA /* WKWebViewEX */,
				4D2C449C1AD5B85B004D46DA /* WKWebViewEXTests */,
				4D2C44811AD5B85B004D46DA /* Products */,
			);
			sourceTree = "<group>";
		};
		4D2C44811AD5B85B004D46DA /* Products */ = {
			isa = PBXGroup;
			children = (
				4D2C44801AD5B85B004D46DA /* WKWebViewEX.app */,
				4D2C44991AD5B85B004D46DA /* WKWebViewEXTests.xctest */,
			);
			name = Products;
			sourceTree = "<group>";
		};
		4D2C44821AD5B85B004D46DA /* WKWebViewEX */ = {
			isa = PBXGroup;
			children = (
				4D2C44871AD5B85B004D46DA /* AppDelegate.h */,
				4D2C44881AD5B85B004D46DA /* AppDelegate.m */,
				4D2C448A1AD5B85B004D46DA /* ViewController.h */,
				4D2C448B1AD5B85B004D46DA /* ViewController.m */,
				4D2C448D1AD5B85B004D46DA /* Main.storyboard */,
				4D2C44901AD5B85B004D46DA /* Images.xcassets */,
				4D2C44921AD5B85B004D46DA /* LaunchScreen.xib */,
				4D2C44831AD5B85B004D46DA /* Supporting Files */,
			);
			path = WKWebViewEX;
			sourceTree = "<group>";
		};
		4D2C44831AD5B85B004D46DA /* Supporting Files */ = {
			isa = PBXGroup;
			children = (
				4D2C44841AD5B85B004D46DA /* Info.plist */,
				4D2C44851AD5B85B004D46DA /* main.m */,
			);
			name = "Supporting Files";
			sourceTree = "<group>";
		};
		4D2C449C1AD5B85B004D46DA /* WKWebViewEXTests */ = {
			isa = PBXGroup;
			children = (
				4D2C449F1AD5B85B004D46DA /* WKWebViewEXTests.m */,
				4D2C449D1AD5B85B004D46DA /* Supporting Files */,
			);
			path = WKWebViewEXTests;
			sourceTree = "<group>";
		};
		4D2C449D1AD5B85B004D46DA /* Supporting Files */ = {
			isa = PBXGroup;
			children = (
				4D2C449E1AD5B85B004D46DA /* Info.plist */,
			);
			name = "Supporting Files";
			sourceTree = "<group>";
		};
/* End PBXGroup section */

/* Begin PBXNativeTarget section */
		4D2C447F1AD5B85B004D46DA /* WKWebViewEX */ = {
			isa = PBXNativeTarget;
			buildConfigurationList = 4D2C44A31AD5B85B004D46DA /* Build configuration list for PBXNativeTarget "WKWebViewEX" */;
			buildPhases = (
				4D2C447C1AD5B85B004D46DA /* Sources */,
				4D2C447D1AD5B85B004D46DA /* Frameworks */,
				4D2C447E1AD5B85B004D46DA /* Resources */,
			);
			buildRules = (
			);
			dependencies = (
			);
			name = WKWebViewEX;
			productName = WKWebViewEX;
			productReference = 4D2C44801AD5B85B004D46DA /* WKWebViewEX.app */;
			productType = "com.apple.product-type.application";
		};
		4D2C44981AD5B85B004D46DA /* WKWebViewEXTests */ = {
			isa = PBXNativeTarget;
			buildConfigurationList = 4D2C44A61AD5B85B004D46DA /* Build configuration list for PBXNativeTarget "WKWebViewEXTests" */;
			buildPhases = (
				4D2C44951AD5B85B004D46DA /* Sources */,
				4D2C44961AD5B85B004D46DA /* Frameworks */,
				4D2C44971AD5B85B004D46DA /* Resources */,
			);
			buildRules = (
			);
			dependencies = (
				4D2C449B1AD5B85B004D46DA /* PBXTargetDependency */,
			);
			name = WKWebViewEXTests;
			productName = WKWebViewEXTests;
			productReference = 4D2C44991AD5B85B004D46DA /* WKWebViewEXTests.xctest */;
			productType = "com.apple.product-type.bundle.unit-test";
		};
/* End PBXNativeTarget section */

/* Begin PBXProject section */
		4D2C44781AD5B85B004D46DA /* Project object */ = {
			isa = PBXProject;
			attributes = {
				LastUpgradeCheck = 0610;
				ORGANIZATIONNAME = "Julio Reyes";
				TargetAttributes = {
					4D2C447F1AD5B85B004D46DA = {
						CreatedOnToolsVersion = 6.1.1;
					};
					4D2C44981AD5B85B004D46DA = {
						CreatedOnToolsVersion = 6.1.1;
						TestTargetID = 4D2C447F1AD5B85B004D46DA;
					};
				};
			};
			buildConfigurationList = 4D2C447B1AD5B85B004D46DA /* Build configuration list for PBXProject "WKWebViewEX" */;
			compatibilityVersion = "Xcode 3.2";
			developmentRegion = English;
			hasScannedForEncodings = 0;
			knownRegions = (
				en,
				Base,
			);
			mainGroup = 4D2C44771AD5B85B004D46DA;
			productRefGroup = 4D2C44811AD5B85B004D46DA /* Products */;
			projectDirPath = "";
			projectRoot = "";
			targets = (
				4D2C447F1AD5B85B004D46DA /* WKWebViewEX */,
				4D2C44981AD5B85B004D46DA /* WKWebViewEXTests */,
			);
		};
/* End PBXProject section */

/* Begin PBXResourcesBuildPhase section */
		4D2C447E1AD5B85B004D46DA /* Resources */ = {
			isa = PBXResourcesBuildPhase;
			buildActionMask = 2147483647;
			files = (
				4D2C448F1AD5B85B004D46DA /* Main.storyboard in Resources */,
				4D2C44941AD5B85B004D46DA /* LaunchScreen.xib in Resources */,
				4D2C44911AD5B85B004D46DA /* Images.xcassets in Resources */,
			);
			runOnlyForDeploymentPostprocessing = 0;
		};
		4D2C44971AD5B85B004D46DA /* Resources */ = {
			isa = PBXResourcesBuildPhase;
			buildActionMask = 2147483647;
			files = (
			);
			runOnlyForDeploymentPostprocessing = 0;
		};
/* End PBXResourcesBuildPhase section */

/* Begin PBXSourcesBuildPhase section */
		4D2C447C1AD5B85B004D46DA /* Sources */ = {
			isa = PBXSourcesBuildPhase;
			buildActionMask = 2147483647;
			files = (
				4D2C448C1AD5B85B004D46DA /* ViewController.m in Sources */,
				4D2C44891AD5B85B004D46DA /* AppDelegate.m in Sources */,
				4D2C44861AD5B85B004D46DA /* main.m in Sources */,
			);
			runOnlyForDeploymentPostprocessing = 0;
		};
		4D2C44951AD5B85B004D46DA /* Sources */ = {
			isa = PBXSourcesBuildPhase;
			buildActionMask = 2147483647;
			files = (
				4D2C44A01AD5B85B004D46DA /* WKWebViewEXTests.m in Sources */,
			);
			runOnlyForDeploymentPostprocessing = 0;
		};
/* End PBXSourcesBuildPhase section */

/* Begin PBXTargetDependency section */
		4D2C449B1AD5B85B004D46DA /* PBXTargetDependency */ = {
			isa = PBXTargetDependency;
			target = 4D2C447F1AD5B85B004D46DA /* WKWebViewEX */;
			targetProxy = 4D2C449A1AD5B85B004D46DA /* PBXContainerItemProxy */;
		};
/* End PBXTargetDependency section */

/* Begin PBXVariantGroup section */
		4D2C448D1AD5B85B004D46DA /* Main.storyboard */ = {
			isa = PBXVariantGroup;
			children = (
				4D2C448E1AD5B85B004D46DA /* Base */,
			);
			name = Main.storyboard;
			sourceTree = "<group>";
		};
		4D2C44921AD5B85B004D46DA /* LaunchScreen.xib */ = {
			isa = PBXVariantGroup;
			children = (
				4D2C44931AD5B85B004D46DA /* Base */,
			);
			name = LaunchScreen.xib;
			sourceTree = "<group>";
		};
/* End PBXVariantGroup section */

/* Begin XCBuildConfiguration section */
		4D2C44A11AD5B85B004D46DA /* Debug */ = {
			isa = XCBuildConfiguration;
			buildSettings = {
				ALWAYS_SEARCH_USER_PATHS = NO;
				CLANG_CXX_LANGUAGE_STANDARD = "gnu++0x";
				CLANG_CXX_LIBRARY = "libc++";
				CLANG_ENABLE_MODULES = YES;
				CLANG_ENABLE_OBJC_ARC = YES;
				CLANG_WARN_BOOL_CONVERSION = YES;
				CLANG_WARN_CONSTANT_CONVERSION = YES;
				CLANG_WARN_DIRECT_OBJC_ISA_USAGE = YES_ERROR;
				CLANG_WARN_EMPTY_BODY = YES;
				CLANG_WARN_ENUM_CONVERSION = YES;
				CLANG_WARN_INT_CONVERSION = YES;
				CLANG_WARN_OBJC_ROOT_CLASS = YES_ERROR;
				CLANG_WARN_UNREACHABLE_CODE = YES;
				CLANG_WARN__DUPLICATE_METHOD_MATCH = YES;
				"CODE_SIGN_IDENTITY[sdk=iphoneos*]" = "iPhone Developer";
				COPY_PHASE_STRIP = NO;
				ENABLE_STRICT_OBJC_MSGSEND = YES;
				GCC_C_LANGUAGE_STANDARD = gnu99;
				GCC_DYNAMIC_NO_PIC = NO;
				GCC_OPTIMIZATION_LEVEL = 0;
				GCC_PREPROCESSOR_DEFINITIONS = (
					"DEBUG=1",
					"$(inherited)",
				);
				GCC_SYMBOLS_PRIVATE_EXTERN = NO;
				GCC_WARN_64_TO_32_BIT_CONVERSION = YES;
				GCC_WARN_ABOUT_RETURN_TYPE = YES_ERROR;
				GCC_WARN_UNDECLARED_SELECTOR = YES;
				GCC_WARN_UNINITIALIZED_AUTOS = YES_AGGRESSIVE;
				GCC_WARN_UNUSED_FUNCTION = YES;
				GCC_WARN_UNUSED_VARIABLE = YES;
				IPHONEOS_DEPLOYMENT_TARGET = 8.1;
				MTL_ENABLE_DEBUG_INFO = YES;
				ONLY_ACTIVE_ARCH = YES;
				SDKROOT = iphoneos;
				TARGETED_DEVICE_FAMILY = "1,2";
			};
			name = Debug;
		};
		4D2C44A21AD5B85B004D46DA /* Release */ = {
			isa = XCBuildConfiguration;
			buildSettings = {
				ALWAYS_SEARCH_USER_PATHS = NO;
				CLANG_CXX_LANGUAGE_STANDARD = "gnu++0x";
				CLANG_CXX_LIBRARY = "libc++";
				CLANG_ENABLE_MODULES = YES;
				CLANG_ENABLE_OBJC_ARC = YES;
				CLANG_WARN_BOOL_CONVERSION = YES;
				CLANG_WARN_CONSTANT_CONVERSION = YES;
				CLANG_WARN_DIRECT_OBJC_ISA_USAGE = YES_ERROR;
				CLANG_WARN_EMPTY_BODY = YES;
				CLANG_WARN_ENUM_CONVERSION = YES;
				CLANG_WARN_INT_CONVERSION = YES;
				CLANG_WARN_OBJC_ROOT_CLASS = YES_ERROR;
				CLANG_WARN_UNREACHABLE_CODE = YES;
				CLANG_WARN__DUPLICATE_METHOD_MATCH = YES;
				"CODE_SIGN_IDENTITY[sdk=iphoneos*]" = "iPhone Developer";
				COPY_PHASE_STRIP = YES;
				ENABLE_NS_ASSERTIONS = NO;
				ENABLE_STRICT_OBJC_MSGSEND = YES;
				GCC_C_LANGUAGE_STANDARD = gnu99;
				GCC_WARN_64_TO_32_BIT_CONVERSION = YES;
				GCC_WARN_ABOUT_RETURN_TYPE = YES_ERROR;
				GCC_WARN_UNDECLARED_SELECTOR = YES;
				GCC_WARN_UNINITIALIZED_AUTOS = YES_AGGRESSIVE;
				GCC_WARN_UNUSED_FUNCTION = YES;
				GCC_WARN_UNUSED_VARIABLE = YES;
				IPHONEOS_DEPLOYMENT_TARGET = 8.1;
				MTL_ENABLE_DEBUG_INFO = NO;
				SDKROOT = iphoneos;
				TARGETED_DEVICE_FAMILY = "1,2";
				VALIDATE_PRODUCT = YES;
			};
			name = Release;
		};
		4D2C44A41AD5B85B004D46DA /* Debug */ = {
			isa = XCBuildConfiguration;
			buildSettings = {
				ASSETCATALOG_COMPILER_APPICON_NAME = AppIcon;
				INFOPLIST_FILE = WKWebViewEX/Info.plist;
				LD_RUNPATH_SEARCH_PATHS = "$(inherited) @executable_path/Frameworks";
				PRODUCT_NAME = "$(TARGET_NAME)";
			};
			name = Debug;
		};
		4D2C44A51AD5B85B004D46DA /* Release */ = {
			isa = XCBuildConfiguration;
			buildSettings = {
				ASSETCATALOG_COMPILER_APPICON_NAME = AppIcon;
				INFOPLIST_FILE = WKWebViewEX/Info.plist;
				LD_RUNPATH_SEARCH_PATHS = "$(inherited) @executable_path/Frameworks";
				PRODUCT_NAME = "$(TARGET_NAME)";
			};
			name = Release;
		};
		4D2C44A71AD5B85B004D46DA /* Debug */ = {
			isa = XCBuildConfiguration;
			buildSettings = {
				BUNDLE_LOADER = "$(TEST_HOST)";
				FRAMEWORK_SEARCH_PATHS = (
					"$(SDKROOT)/Developer/Library/Frameworks",
					"$(inherited)",
				);
				GCC_PREPROCESSOR_DEFINITIONS = (
					"DEBUG=1",
					"$(inherited)",
				);
				INFOPLIST_FILE = WKWebViewEXTests/Info.plist;
				LD_RUNPATH_SEARCH_PATHS = "$(inherited) @executable_path/Frameworks @loader_path/Frameworks";
				PRODUCT_NAME = "$(TARGET_NAME)";
				TEST_HOST = "$(BUILT_PRODUCTS_DIR)/WKWebViewEX.app/WKWebViewEX";
			};
			name = Debug;
		};
		4D2C44A81AD5B85B004D46DA /* Release */ = {
			isa = XCBuildConfiguration;
			buildSettings = {
				BUNDLE_LOADER = "$(TEST_HOST)";
				FRAMEWORK_SEARCH_PATHS = (
					"$(SDKROOT)/Developer/Library/Frameworks",
					"$(inherited)",
				);
				INFOPLIST_FILE = WKWebViewEXTests/Info.plist;
				LD_RUNPATH_SEARCH_PATHS = "$(inherited) @executable_path/Frameworks @loader_path/Frameworks";
				PRODUCT_NAME = "$(TARGET_NAME)";
				TEST_HOST = "$(BUILT_PRODUCTS_DIR)/WKWebViewEX.app/WKWebViewEX";
			};
			name = Release;
		};
/* End XCBuildConfiguration section */

/* Begin XCConfigurationList section */
		4D2C447B1AD5B85B004D46DA /* Build configuration list for PBXProject "WKWebViewEX" */ = {
			isa = XCConfigurationList;
			buildConfigurations = (
				4D2C44A11AD5B85B004D46DA /* Debug */,
				4D2C44A21AD5B85B004D46DA /* Release */,
			);
			defaultConfigurationIsVisible = 0;
			defaultConfigurationName = Release;
		};
		4D2C44A31AD5B85B004D46DA /* Build configuration list for PBXNativeTarget "WKWebViewEX" */ = {
			isa = XCConfigurationList;
			buildConfigurations = (
				4D2C44A41AD5B85B004D46DA /* Debug */,
				4D2C44A51AD5B85B004D46DA /* Release */,
			);
			defaultConfigurationIsVisible = 0;
		};
		4D2C44A61AD5B85B004D46DA /* Build configuration list for PBXNativeTarget "WKWebViewEXTests" */ = {
			isa = XCConfigurationList;
			buildConfigurations = (
				4D2C44A71AD5B85B004D46DA /* Debug */,
				4D2C44A81AD5B85B004D46DA /* Release */,
			);
			defaultConfigurationIsVisible = 0;
		};
/* End XCConfigurationList section */
	};
	rootObject = 4D2C44781AD5B85B004D46DA /* Project object */;
}
