// !$*UTF8*$!
{
	archiveVersion = 1;
	classes = {
	};
	objectVersion = 46;
	objects = {

/* Begin PBXBuildFile section */
		4DA0ED7A1AE0113F0048EA1A /* FlickrPhoto.swift in Sources */ = {isa = PBXBuildFile; fileRef = 4DA0ED791AE0113F0048EA1A /* FlickrPhoto.swift */; };
		4DA0ED7C1AE03D130048EA1A /* FlickrCVCell.swift in Sources */ = {isa = PBXBuildFile; fileRef = 4DA0ED7B1AE03D130048EA1A /* FlickrCVCell.swift */; };
		4DA55A521ADD9F7D00B3C408 /* AppDelegate.swift in Sources */ = {isa = PBXBuildFile; fileRef = 4DA55A511ADD9F7D00B3C408 /* AppDelegate.swift */; };
		4DA55A551ADD9F7D00B3C408 /* FlickrInSwift.xcdatamodeld in Sources */ = {isa = PBXBuildFile; fileRef = 4DA55A531ADD9F7D00B3C408 /* FlickrInSwift.xcdatamodeld */; };
		4DA55A571ADD9F7D00B3C408 /* ViewController.swift in Sources */ = {isa = PBXBuildFile; fileRef = 4DA55A561ADD9F7D00B3C408 /* ViewController.swift */; };
		4DA55A5A1ADD9F7D00B3C408 /* Main.storyboard in Resources */ = {isa = PBXBuildFile; fileRef = 4DA55A581ADD9F7D00B3C408 /* Main.storyboard */; };
		4DA55A5C1ADD9F7D00B3C408 /* Images.xcassets in Resources */ = {isa = PBXBuildFile; fileRef = 4DA55A5B1ADD9F7D00B3C408 /* Images.xcassets */; };
		4DA55A5F1ADD9F7D00B3C408 /* LaunchScreen.xib in Resources */ = {isa = PBXBuildFile; fileRef = 4DA55A5D1ADD9F7D00B3C408 /* LaunchScreen.xib */; };
		4DA55A6B1ADD9F7D00B3C408 /* FlickrInSwiftTests.swift in Sources */ = {isa = PBXBuildFile; fileRef = 4DA55A6A1ADD9F7D00B3C408 /* FlickrInSwiftTests.swift */; };
		4DA55A751ADDA18400B3C408 /* FlickrDataDownloader.swift in Sources */ = {isa = PBXBuildFile; fileRef = 4DA55A741ADDA18400B3C408 /* FlickrDataDownloader.swift */; };
/* End PBXBuildFile section */

/* Begin PBXContainerItemProxy section */
		4DA55A651ADD9F7D00B3C408 /* PBXContainerItemProxy */ = {
			isa = PBXContainerItemProxy;
			containerPortal = 4DA55A441ADD9F7D00B3C408 /* Project object */;
			proxyType = 1;
			remoteGlobalIDString = 4DA55A4B1ADD9F7D00B3C408;
			remoteInfo = FlickrInSwift;
		};
/* End PBXContainerItemProxy section */

/* Begin PBXFileReference section */
		4DA0ED791AE0113F0048EA1A /* FlickrPhoto.swift */ = {isa = PBXFileReference; fileEncoding = 4; lastKnownFileType = sourcecode.swift; path = FlickrPhoto.swift; sourceTree = "<group>"; };
		4DA0ED7B1AE03D130048EA1A /* FlickrCVCell.swift */ = {isa = PBXFileReference; fileEncoding = 4; lastKnownFileType = sourcecode.swift; path = FlickrCVCell.swift; sourceTree = "<group>"; };
		4DA55A4C1ADD9F7D00B3C408 /* FlickrInSwift.app */ = {isa = PBXFileReference; explicitFileType = wrapper.application; includeInIndex = 0; path = FlickrInSwift.app; sourceTree = BUILT_PRODUCTS_DIR; };
		4DA55A501ADD9F7D00B3C408 /* Info.plist */ = {isa = PBXFileReference; lastKnownFileType = text.plist.xml; path = Info.plist; sourceTree = "<group>"; };
		4DA55A511ADD9F7D00B3C408 /* AppDelegate.swift */ = {isa = PBXFileReference; lastKnownFileType = sourcecode.swift; path = AppDelegate.swift; sourceTree = "<group>"; };
		4DA55A541ADD9F7D00B3C408 /* FlickrInSwift.xcdatamodel */ = {isa = PBXFileReference; lastKnownFileType = wrapper.xcdatamodel; path = FlickrInSwift.xcdatamodel; sourceTree = "<group>"; };
		4DA55A561ADD9F7D00B3C408 /* ViewController.swift */ = {isa = PBXFileReference; lastKnownFileType = sourcecode.swift; path = ViewController.swift; sourceTree = "<group>"; };
		4DA55A591ADD9F7D00B3C408 /* Base */ = {isa = PBXFileReference; lastKnownFileType = file.storyboard; name = Base; path = Base.lproj/Main.storyboard; sourceTree = "<group>"; };
		4DA55A5B1ADD9F7D00B3C408 /* Images.xcassets */ = {isa = PBXFileReference; lastKnownFileType = folder.assetcatalog; path = Images.xcassets; sourceTree = "<group>"; };
		4DA55A5E1ADD9F7D00B3C408 /* Base */ = {isa = PBXFileReference; lastKnownFileType = file.xib; name = Base; path = Base.lproj/LaunchScreen.xib; sourceTree = "<group>"; };
		4DA55A641ADD9F7D00B3C408 /* FlickrInSwiftTests.xctest */ = {isa = PBXFileReference; explicitFileType = wrapper.cfbundle; includeInIndex = 0; path = FlickrInSwiftTests.xctest; sourceTree = BUILT_PRODUCTS_DIR; };
		4DA55A691ADD9F7D00B3C408 /* Info.plist */ = {isa = PBXFileReference; lastKnownFileType = text.plist.xml; path = Info.plist; sourceTree = "<group>"; };
		4DA55A6A1ADD9F7D00B3C408 /* FlickrInSwiftTests.swift */ = {isa = PBXFileReference; lastKnownFileType = sourcecode.swift; path = FlickrInSwiftTests.swift; sourceTree = "<group>"; };
		4DA55A741ADDA18400B3C408 /* FlickrDataDownloader.swift */ = {isa = PBXFileReference; fileEncoding = 4; lastKnownFileType = sourcecode.swift; path = FlickrDataDownloader.swift; sourceTree = "<group>"; };
/* End PBXFileReference section */

/* Begin PBXFrameworksBuildPhase section */
		4DA55A491ADD9F7D00B3C408 /* Frameworks */ = {
			isa = PBXFrameworksBuildPhase;
			buildActionMask = 2147483647;
			files = (
			);
			runOnlyForDeploymentPostprocessing = 0;
		};
		4DA55A611ADD9F7D00B3C408 /* Frameworks */ = {
			isa = PBXFrameworksBuildPhase;
			buildActionMask = 2147483647;
			files = (
			);
			runOnlyForDeploymentPostprocessing = 0;
		};
/* End PBXFrameworksBuildPhase section */

/* Begin PBXGroup section */
		4DA55A431ADD9F7D00B3C408 = {
			isa = PBXGroup;
			children = (
				4DA55A4E1ADD9F7D00B3C408 /* FlickrInSwift */,
				4DA55A671ADD9F7D00B3C408 /* FlickrInSwiftTests */,
				4DA55A4D1ADD9F7D00B3C408 /* Products */,
			);
			sourceTree = "<group>";
		};
		4DA55A4D1ADD9F7D00B3C408 /* Products */ = {
			isa = PBXGroup;
			children = (
				4DA55A4C1ADD9F7D00B3C408 /* FlickrInSwift.app */,
				4DA55A641ADD9F7D00B3C408 /* FlickrInSwiftTests.xctest */,
			);
			name = Products;
			sourceTree = "<group>";
		};
		4DA55A4E1ADD9F7D00B3C408 /* FlickrInSwift */ = {
			isa = PBXGroup;
			children = (
				4DA55A511ADD9F7D00B3C408 /* AppDelegate.swift */,
				4DA55A561ADD9F7D00B3C408 /* ViewController.swift */,
				4DA55A581ADD9F7D00B3C408 /* Main.storyboard */,
				4DA55A5B1ADD9F7D00B3C408 /* Images.xcassets */,
				4DA55A5D1ADD9F7D00B3C408 /* LaunchScreen.xib */,
				4DA55A531ADD9F7D00B3C408 /* FlickrInSwift.xcdatamodeld */,
				4DA55A4F1ADD9F7D00B3C408 /* Supporting Files */,
				4DA55A741ADDA18400B3C408 /* FlickrDataDownloader.swift */,
				4DA0ED791AE0113F0048EA1A /* FlickrPhoto.swift */,
				4DA0ED7B1AE03D130048EA1A /* FlickrCVCell.swift */,
			);
			path = FlickrInSwift;
			sourceTree = "<group>";
		};
		4DA55A4F1ADD9F7D00B3C408 /* Supporting Files */ = {
			isa = PBXGroup;
			children = (
				4DA55A501ADD9F7D00B3C408 /* Info.plist */,
			);
			name = "Supporting Files";
			sourceTree = "<group>";
		};
		4DA55A671ADD9F7D00B3C408 /* FlickrInSwiftTests */ = {
			isa = PBXGroup;
			children = (
				4DA55A6A1ADD9F7D00B3C408 /* FlickrInSwiftTests.swift */,
				4DA55A681ADD9F7D00B3C408 /* Supporting Files */,
			);
			path = FlickrInSwiftTests;
			sourceTree = "<group>";
		};
		4DA55A681ADD9F7D00B3C408 /* Supporting Files */ = {
			isa = PBXGroup;
			children = (
				4DA55A691ADD9F7D00B3C408 /* Info.plist */,
			);
			name = "Supporting Files";
			sourceTree = "<group>";
		};
/* End PBXGroup section */

/* Begin PBXNativeTarget section */
		4DA55A4B1ADD9F7D00B3C408 /* FlickrInSwift */ = {
			isa = PBXNativeTarget;
			buildConfigurationList = 4DA55A6E1ADD9F7D00B3C408 /* Build configuration list for PBXNativeTarget "FlickrInSwift" */;
			buildPhases = (
				4DA55A481ADD9F7D00B3C408 /* Sources */,
				4DA55A491ADD9F7D00B3C408 /* Frameworks */,
				4DA55A4A1ADD9F7D00B3C408 /* Resources */,
			);
			buildRules = (
			);
			dependencies = (
			);
			name = FlickrInSwift;
			productName = FlickrInSwift;
			productReference = 4DA55A4C1ADD9F7D00B3C408 /* FlickrInSwift.app */;
			productType = "com.apple.product-type.application";
		};
		4DA55A631ADD9F7D00B3C408 /* FlickrInSwiftTests */ = {
			isa = PBXNativeTarget;
			buildConfigurationList = 4DA55A711ADD9F7D00B3C408 /* Build configuration list for PBXNativeTarget "FlickrInSwiftTests" */;
			buildPhases = (
				4DA55A601ADD9F7D00B3C408 /* Sources */,
				4DA55A611ADD9F7D00B3C408 /* Frameworks */,
				4DA55A621ADD9F7D00B3C408 /* Resources */,
			);
			buildRules = (
			);
			dependencies = (
				4DA55A661ADD9F7D00B3C408 /* PBXTargetDependency */,
			);
			name = FlickrInSwiftTests;
			productName = FlickrInSwiftTests;
			productReference = 4DA55A641ADD9F7D00B3C408 /* FlickrInSwiftTests.xctest */;
			productType = "com.apple.product-type.bundle.unit-test";
		};
/* End PBXNativeTarget section */

/* Begin PBXProject section */
		4DA55A441ADD9F7D00B3C408 /* Project object */ = {
			isa = PBXProject;
			attributes = {
				LastUpgradeCheck = 0630;
				ORGANIZATIONNAME = "Julio Reyes";
				TargetAttributes = {
					4DA55A4B1ADD9F7D00B3C408 = {
						CreatedOnToolsVersion = 6.3;
					};
					4DA55A631ADD9F7D00B3C408 = {
						CreatedOnToolsVersion = 6.3;
						TestTargetID = 4DA55A4B1ADD9F7D00B3C408;
					};
				};
			};
			buildConfigurationList = 4DA55A471ADD9F7D00B3C408 /* Build configuration list for PBXProject "FlickrInSwift" */;
			compatibilityVersion = "Xcode 3.2";
			developmentRegion = English;
			hasScannedForEncodings = 0;
			knownRegions = (
				en,
				Base,
			);
			mainGroup = 4DA55A431ADD9F7D00B3C408;
			productRefGroup = 4DA55A4D1ADD9F7D00B3C408 /* Products */;
			projectDirPath = "";
			projectRoot = "";
			targets = (
				4DA55A4B1ADD9F7D00B3C408 /* FlickrInSwift */,
				4DA55A631ADD9F7D00B3C408 /* FlickrInSwiftTests */,
			);
		};
/* End PBXProject section */

/* Begin PBXResourcesBuildPhase section */
		4DA55A4A1ADD9F7D00B3C408 /* Resources */ = {
			isa = PBXResourcesBuildPhase;
			buildActionMask = 2147483647;
			files = (
				4DA55A5A1ADD9F7D00B3C408 /* Main.storyboard in Resources */,
				4DA55A5F1ADD9F7D00B3C408 /* LaunchScreen.xib in Resources */,
				4DA55A5C1ADD9F7D00B3C408 /* Images.xcassets in Resources */,
			);
			runOnlyForDeploymentPostprocessing = 0;
		};
		4DA55A621ADD9F7D00B3C408 /* Resources */ = {
			isa = PBXResourcesBuildPhase;
			buildActionMask = 2147483647;
			files = (
			);
			runOnlyForDeploymentPostprocessing = 0;
		};
/* End PBXResourcesBuildPhase section */

/* Begin PBXSourcesBuildPhase section */
		4DA55A481ADD9F7D00B3C408 /* Sources */ = {
			isa = PBXSourcesBuildPhase;
			buildActionMask = 2147483647;
			files = (
				4DA55A571ADD9F7D00B3C408 /* ViewController.swift in Sources */,
				4DA0ED7C1AE03D130048EA1A /* FlickrCVCell.swift in Sources */,
				4DA55A751ADDA18400B3C408 /* FlickrDataDownloader.swift in Sources */,
				4DA55A521ADD9F7D00B3C408 /* AppDelegate.swift in Sources */,
				4DA0ED7A1AE0113F0048EA1A /* FlickrPhoto.swift in Sources */,
				4DA55A551ADD9F7D00B3C408 /* FlickrInSwift.xcdatamodeld in Sources */,
			);
			runOnlyForDeploymentPostprocessing = 0;
		};
		4DA55A601ADD9F7D00B3C408 /* Sources */ = {
			isa = PBXSourcesBuildPhase;
			buildActionMask = 2147483647;
			files = (
				4DA55A6B1ADD9F7D00B3C408 /* FlickrInSwiftTests.swift in Sources */,
			);
			runOnlyForDeploymentPostprocessing = 0;
		};
/* End PBXSourcesBuildPhase section */

/* Begin PBXTargetDependency section */
		4DA55A661ADD9F7D00B3C408 /* PBXTargetDependency */ = {
			isa = PBXTargetDependency;
			target = 4DA55A4B1ADD9F7D00B3C408 /* FlickrInSwift */;
			targetProxy = 4DA55A651ADD9F7D00B3C408 /* PBXContainerItemProxy */;
		};
/* End PBXTargetDependency section */

/* Begin PBXVariantGroup section */
		4DA55A581ADD9F7D00B3C408 /* Main.storyboard */ = {
			isa = PBXVariantGroup;
			children = (
				4DA55A591ADD9F7D00B3C408 /* Base */,
			);
			name = Main.storyboard;
			sourceTree = "<group>";
		};
		4DA55A5D1ADD9F7D00B3C408 /* LaunchScreen.xib */ = {
			isa = PBXVariantGroup;
			children = (
				4DA55A5E1ADD9F7D00B3C408 /* Base */,
			);
			name = LaunchScreen.xib;
			sourceTree = "<group>";
		};
/* End PBXVariantGroup section */

/* Begin XCBuildConfiguration section */
		4DA55A6C1ADD9F7D00B3C408 /* Debug */ = {
			isa = XCBuildConfiguration;
			buildSettings = {
				ALWAYS_SEARCH_USER_PATHS = NO;
				CLANG_CXX_LANGUAGE_STANDARD = "gnu++0x";
				CLANG_CXX_LIBRARY = "libc++";
				CLANG_ENABLE_MODULES = YES;
				CLANG_ENABLE_OBJC_ARC = YES;
				CLANG_WARN_BOOL_CONVERSION = YES;
				CLANG_WARN_CONSTANT_CONVERSION = YES;
				CLANG_WARN_DIRECT_OBJC_ISA_USAGE = YES_ERROR;
				CLANG_WARN_EMPTY_BODY = YES;
				CLANG_WARN_ENUM_CONVERSION = YES;
				CLANG_WARN_INT_CONVERSION = YES;
				CLANG_WARN_OBJC_ROOT_CLASS = YES_ERROR;
				CLANG_WARN_UNREACHABLE_CODE = YES;
				CLANG_WARN__DUPLICATE_METHOD_MATCH = YES;
				"CODE_SIGN_IDENTITY[sdk=iphoneos*]" = "iPhone Developer";
				COPY_PHASE_STRIP = NO;
				DEBUG_INFORMATION_FORMAT = "dwarf-with-dsym";
				ENABLE_STRICT_OBJC_MSGSEND = YES;
				GCC_C_LANGUAGE_STANDARD = gnu99;
				GCC_DYNAMIC_NO_PIC = NO;
				GCC_NO_COMMON_BLOCKS = YES;
				GCC_OPTIMIZATION_LEVEL = 0;
				GCC_PREPROCESSOR_DEFINITIONS = (
					"DEBUG=1",
					"$(inherited)",
				);
				GCC_SYMBOLS_PRIVATE_EXTERN = NO;
				GCC_WARN_64_TO_32_BIT_CONVERSION = YES;
				GCC_WARN_ABOUT_RETURN_TYPE = YES_ERROR;
				GCC_WARN_UNDECLARED_SELECTOR = YES;
				GCC_WARN_UNINITIALIZED_AUTOS = YES_AGGRESSIVE;
				GCC_WARN_UNUSED_FUNCTION = YES;
				GCC_WARN_UNUSED_VARIABLE = YES;
				IPHONEOS_DEPLOYMENT_TARGET = 8.3;
				MTL_ENABLE_DEBUG_INFO = YES;
				ONLY_ACTIVE_ARCH = YES;
				SDKROOT = iphoneos;
				SWIFT_OPTIMIZATION_LEVEL = "-Onone";
				TARGETED_DEVICE_FAMILY = "1,2";
			};
			name = Debug;
		};
		4DA55A6D1ADD9F7D00B3C408 /* Release */ = {
			isa = XCBuildConfiguration;
			buildSettings = {
				ALWAYS_SEARCH_USER_PATHS = NO;
				CLANG_CXX_LANGUAGE_STANDARD = "gnu++0x";
				CLANG_CXX_LIBRARY = "libc++";
				CLANG_ENABLE_MODULES = YES;
				CLANG_ENABLE_OBJC_ARC = YES;
				CLANG_WARN_BOOL_CONVERSION = YES;
				CLANG_WARN_CONSTANT_CONVERSION = YES;
				CLANG_WARN_DIRECT_OBJC_ISA_USAGE = YES_ERROR;
				CLANG_WARN_EMPTY_BODY = YES;
				CLANG_WARN_ENUM_CONVERSION = YES;
				CLANG_WARN_INT_CONVERSION = YES;
				CLANG_WARN_OBJC_ROOT_CLASS = YES_ERROR;
				CLANG_WARN_UNREACHABLE_CODE = YES;
				CLANG_WARN__DUPLICATE_METHOD_MATCH = YES;
				"CODE_SIGN_IDENTITY[sdk=iphoneos*]" = "iPhone Developer";
				COPY_PHASE_STRIP = NO;
				DEBUG_INFORMATION_FORMAT = "dwarf-with-dsym";
				ENABLE_NS_ASSERTIONS = NO;
				ENABLE_STRICT_OBJC_MSGSEND = YES;
				GCC_C_LANGUAGE_STANDARD = gnu99;
				GCC_NO_COMMON_BLOCKS = YES;
				GCC_WARN_64_TO_32_BIT_CONVERSION = YES;
				GCC_WARN_ABOUT_RETURN_TYPE = YES_ERROR;
				GCC_WARN_UNDECLARED_SELECTOR = YES;
				GCC_WARN_UNINITIALIZED_AUTOS = YES_AGGRESSIVE;
				GCC_WARN_UNUSED_FUNCTION = YES;
				GCC_WARN_UNUSED_VARIABLE = YES;
				IPHONEOS_DEPLOYMENT_TARGET = 8.3;
				MTL_ENABLE_DEBUG_INFO = NO;
				SDKROOT = iphoneos;
				TARGETED_DEVICE_FAMILY = "1,2";
				VALIDATE_PRODUCT = YES;
			};
			name = Release;
		};
		4DA55A6F1ADD9F7D00B3C408 /* Debug */ = {
			isa = XCBuildConfiguration;
			buildSettings = {
				ASSETCATALOG_COMPILER_APPICON_NAME = AppIcon;
				CODE_SIGN_IDENTITY = "iPhone Developer";
				INFOPLIST_FILE = FlickrInSwift/Info.plist;
				LD_RUNPATH_SEARCH_PATHS = "$(inherited) @executable_path/Frameworks";
				PRODUCT_NAME = "$(TARGET_NAME)";
			};
			name = Debug;
		};
		4DA55A701ADD9F7D00B3C408 /* Release */ = {
			isa = XCBuildConfiguration;
			buildSettings = {
				ASSETCATALOG_COMPILER_APPICON_NAME = AppIcon;
				CODE_SIGN_IDENTITY = "iPhone Developer";
				INFOPLIST_FILE = FlickrInSwift/Info.plist;
				LD_RUNPATH_SEARCH_PATHS = "$(inherited) @executable_path/Frameworks";
				PRODUCT_NAME = "$(TARGET_NAME)";
			};
			name = Release;
		};
		4DA55A721ADD9F7D00B3C408 /* Debug */ = {
			isa = XCBuildConfiguration;
			buildSettings = {
				BUNDLE_LOADER = "$(TEST_HOST)";
				FRAMEWORK_SEARCH_PATHS = (
					"$(SDKROOT)/Developer/Library/Frameworks",
					"$(inherited)",
				);
				GCC_PREPROCESSOR_DEFINITIONS = (
					"DEBUG=1",
					"$(inherited)",
				);
				INFOPLIST_FILE = FlickrInSwiftTests/Info.plist;
				LD_RUNPATH_SEARCH_PATHS = "$(inherited) @executable_path/Frameworks @loader_path/Frameworks";
				PRODUCT_NAME = "$(TARGET_NAME)";
				TEST_HOST = "$(BUILT_PRODUCTS_DIR)/FlickrInSwift.app/FlickrInSwift";
			};
			name = Debug;
		};
		4DA55A731ADD9F7D00B3C408 /* Release */ = {
			isa = XCBuildConfiguration;
			buildSettings = {
				BUNDLE_LOADER = "$(TEST_HOST)";
				FRAMEWORK_SEARCH_PATHS = (
					"$(SDKROOT)/Developer/Library/Frameworks",
					"$(inherited)",
				);
				INFOPLIST_FILE = FlickrInSwiftTests/Info.plist;
				LD_RUNPATH_SEARCH_PATHS = "$(inherited) @executable_path/Frameworks @loader_path/Frameworks";
				PRODUCT_NAME = "$(TARGET_NAME)";
				TEST_HOST = "$(BUILT_PRODUCTS_DIR)/FlickrInSwift.app/FlickrInSwift";
			};
			name = Release;
		};
/* End XCBuildConfiguration section */

/* Begin XCConfigurationList section */
		4DA55A471ADD9F7D00B3C408 /* Build configuration list for PBXProject "FlickrInSwift" */ = {
			isa = XCConfigurationList;
			buildConfigurations = (
				4DA55A6C1ADD9F7D00B3C408 /* Debug */,
				4DA55A6D1ADD9F7D00B3C408 /* Release */,
			);
			defaultConfigurationIsVisible = 0;
			defaultConfigurationName = Release;
		};
		4DA55A6E1ADD9F7D00B3C408 /* Build configuration list for PBXNativeTarget "FlickrInSwift" */ = {
			isa = XCConfigurationList;
			buildConfigurations = (
				4DA55A6F1ADD9F7D00B3C408 /* Debug */,
				4DA55A701ADD9F7D00B3C408 /* Release */,
			);
			defaultConfigurationIsVisible = 0;
			defaultConfigurationName = Release;
		};
		4DA55A711ADD9F7D00B3C408 /* Build configuration list for PBXNativeTarget "FlickrInSwiftTests" */ = {
			isa = XCConfigurationList;
			buildConfigurations = (
				4DA55A721ADD9F7D00B3C408 /* Debug */,
				4DA55A731ADD9F7D00B3C408 /* Release */,
			);
			defaultConfigurationIsVisible = 0;
			defaultConfigurationName = Release;
		};
/* End XCConfigurationList section */

/* Begin XCVersionGroup section */
		4DA55A531ADD9F7D00B3C408 /* FlickrInSwift.xcdatamodeld */ = {
			isa = XCVersionGroup;
			children = (
				4DA55A541ADD9F7D00B3C408 /* FlickrInSwift.xcdatamodel */,
			);
			currentVersion = 4DA55A541ADD9F7D00B3C408 /* FlickrInSwift.xcdatamodel */;
			path = FlickrInSwift.xcdatamodeld;
			sourceTree = "<group>";
			versionGroupType = wrapper.xcdatamodel;
		};
/* End XCVersionGroup section */
	};
	rootObject = 4DA55A441ADD9F7D00B3C408 /* Project object */;
}
