// !$*UTF8*$!
{
	archiveVersion = 1;
	classes = {
	};
	objectVersion = 46;
	objects = {

/* Begin PBXBuildFile section */
		4DC944311A9D21FB00258097 /* main.m in Sources */ = {isa = PBXBuildFile; fileRef = 4DC944301A9D21FB00258097 /* main.m */; };
		4DC944341A9D21FB00258097 /* AppDelegate.m in Sources */ = {isa = PBXBuildFile; fileRef = 4DC944331A9D21FB00258097 /* AppDelegate.m */; };
		4DC944371A9D21FB00258097 /* ViewController.m in Sources */ = {isa = PBXBuildFile; fileRef = 4DC944361A9D21FB00258097 /* ViewController.m */; };
		4DC9443A1A9D21FB00258097 /* Main.storyboard in Resources */ = {isa = PBXBuildFile; fileRef = 4DC944381A9D21FB00258097 /* Main.storyboard */; };
		4DC9443C1A9D21FB00258097 /* Images.xcassets in Resources */ = {isa = PBXBuildFile; fileRef = 4DC9443B1A9D21FB00258097 /* Images.xcassets */; };
		4DC9443F1A9D21FB00258097 /* LaunchScreen.xib in Resources */ = {isa = PBXBuildFile; fileRef = 4DC9443D1A9D21FB00258097 /* LaunchScreen.xib */; };
		4DC9444B1A9D21FC00258097 /* DataConversion_6Tests.m in Sources */ = {isa = PBXBuildFile; fileRef = 4DC9444A1A9D21FC00258097 /* DataConversion_6Tests.m */; };
/* End PBXBuildFile section */

/* Begin PBXContainerItemProxy section */
		4DC944451A9D21FB00258097 /* PBXContainerItemProxy */ = {
			isa = PBXContainerItemProxy;
			containerPortal = 4DC944231A9D21FB00258097 /* Project object */;
			proxyType = 1;
			remoteGlobalIDString = 4DC9442A1A9D21FB00258097;
			remoteInfo = "DataConversion#6";
		};
/* End PBXContainerItemProxy section */

/* Begin PBXFileReference section */
		4DC9442B1A9D21FB00258097 /* DataConversion#6.app */ = {isa = PBXFileReference; explicitFileType = wrapper.application; includeInIndex = 0; path = "DataConversion#6.app"; sourceTree = BUILT_PRODUCTS_DIR; };
		4DC9442F1A9D21FB00258097 /* Info.plist */ = {isa = PBXFileReference; lastKnownFileType = text.plist.xml; path = Info.plist; sourceTree = "<group>"; };
		4DC944301A9D21FB00258097 /* main.m */ = {isa = PBXFileReference; lastKnownFileType = sourcecode.c.objc; path = main.m; sourceTree = "<group>"; };
		4DC944321A9D21FB00258097 /* AppDelegate.h */ = {isa = PBXFileReference; lastKnownFileType = sourcecode.c.h; path = AppDelegate.h; sourceTree = "<group>"; };
		4DC944331A9D21FB00258097 /* AppDelegate.m */ = {isa = PBXFileReference; lastKnownFileType = sourcecode.c.objc; path = AppDelegate.m; sourceTree = "<group>"; };
		4DC944351A9D21FB00258097 /* ViewController.h */ = {isa = PBXFileReference; lastKnownFileType = sourcecode.c.h; path = ViewController.h; sourceTree = "<group>"; };
		4DC944361A9D21FB00258097 /* ViewController.m */ = {isa = PBXFileReference; lastKnownFileType = sourcecode.c.objc; path = ViewController.m; sourceTree = "<group>"; };
		4DC944391A9D21FB00258097 /* Base */ = {isa = PBXFileReference; lastKnownFileType = file.storyboard; name = Base; path = Base.lproj/Main.storyboard; sourceTree = "<group>"; };
		4DC9443B1A9D21FB00258097 /* Images.xcassets */ = {isa = PBXFileReference; lastKnownFileType = folder.assetcatalog; path = Images.xcassets; sourceTree = "<group>"; };
		4DC9443E1A9D21FB00258097 /* Base */ = {isa = PBXFileReference; lastKnownFileType = file.xib; name = Base; path = Base.lproj/LaunchScreen.xib; sourceTree = "<group>"; };
		4DC944441A9D21FB00258097 /* DataConversion#6Tests.xctest */ = {isa = PBXFileReference; explicitFileType = wrapper.cfbundle; includeInIndex = 0; path = "DataConversion#6Tests.xctest"; sourceTree = BUILT_PRODUCTS_DIR; };
		4DC944491A9D21FC00258097 /* Info.plist */ = {isa = PBXFileReference; lastKnownFileType = text.plist.xml; path = Info.plist; sourceTree = "<group>"; };
		4DC9444A1A9D21FC00258097 /* DataConversion_6Tests.m */ = {isa = PBXFileReference; lastKnownFileType = sourcecode.c.objc; path = DataConversion_6Tests.m; sourceTree = "<group>"; };
/* End PBXFileReference section */

/* Begin PBXFrameworksBuildPhase section */
		4DC944281A9D21FB00258097 /* Frameworks */ = {
			isa = PBXFrameworksBuildPhase;
			buildActionMask = 2147483647;
			files = (
			);
			runOnlyForDeploymentPostprocessing = 0;
		};
		4DC944411A9D21FB00258097 /* Frameworks */ = {
			isa = PBXFrameworksBuildPhase;
			buildActionMask = 2147483647;
			files = (
			);
			runOnlyForDeploymentPostprocessing = 0;
		};
/* End PBXFrameworksBuildPhase section */

/* Begin PBXGroup section */
		4DC944221A9D21FB00258097 = {
			isa = PBXGroup;
			children = (
				4DC9442D1A9D21FB00258097 /* DataConversion#6 */,
				4DC944471A9D21FB00258097 /* DataConversion#6Tests */,
				4DC9442C1A9D21FB00258097 /* Products */,
			);
			sourceTree = "<group>";
		};
		4DC9442C1A9D21FB00258097 /* Products */ = {
			isa = PBXGroup;
			children = (
				4DC9442B1A9D21FB00258097 /* DataConversion#6.app */,
				4DC944441A9D21FB00258097 /* DataConversion#6Tests.xctest */,
			);
			name = Products;
			sourceTree = "<group>";
		};
		4DC9442D1A9D21FB00258097 /* DataConversion#6 */ = {
			isa = PBXGroup;
			children = (
				4DC944321A9D21FB00258097 /* AppDelegate.h */,
				4DC944331A9D21FB00258097 /* AppDelegate.m */,
				4DC944351A9D21FB00258097 /* ViewController.h */,
				4DC944361A9D21FB00258097 /* ViewController.m */,
				4DC944381A9D21FB00258097 /* Main.storyboard */,
				4DC9443B1A9D21FB00258097 /* Images.xcassets */,
				4DC9443D1A9D21FB00258097 /* LaunchScreen.xib */,
				4DC9442E1A9D21FB00258097 /* Supporting Files */,
			);
			path = "DataConversion#6";
			sourceTree = "<group>";
		};
		4DC9442E1A9D21FB00258097 /* Supporting Files */ = {
			isa = PBXGroup;
			children = (
				4DC9442F1A9D21FB00258097 /* Info.plist */,
				4DC944301A9D21FB00258097 /* main.m */,
			);
			name = "Supporting Files";
			sourceTree = "<group>";
		};
		4DC944471A9D21FB00258097 /* DataConversion#6Tests */ = {
			isa = PBXGroup;
			children = (
				4DC9444A1A9D21FC00258097 /* DataConversion_6Tests.m */,
				4DC944481A9D21FC00258097 /* Supporting Files */,
			);
			path = "DataConversion#6Tests";
			sourceTree = "<group>";
		};
		4DC944481A9D21FC00258097 /* Supporting Files */ = {
			isa = PBXGroup;
			children = (
				4DC944491A9D21FC00258097 /* Info.plist */,
			);
			name = "Supporting Files";
			sourceTree = "<group>";
		};
/* End PBXGroup section */

/* Begin PBXNativeTarget section */
		4DC9442A1A9D21FB00258097 /* DataConversion#6 */ = {
			isa = PBXNativeTarget;
			buildConfigurationList = 4DC9444E1A9D21FC00258097 /* Build configuration list for PBXNativeTarget "DataConversion#6" */;
			buildPhases = (
				4DC944271A9D21FB00258097 /* Sources */,
				4DC944281A9D21FB00258097 /* Frameworks */,
				4DC944291A9D21FB00258097 /* Resources */,
			);
			buildRules = (
			);
			dependencies = (
			);
			name = "DataConversion#6";
			productName = "DataConversion#6";
			productReference = 4DC9442B1A9D21FB00258097 /* DataConversion#6.app */;
			productType = "com.apple.product-type.application";
		};
		4DC944431A9D21FB00258097 /* DataConversion#6Tests */ = {
			isa = PBXNativeTarget;
			buildConfigurationList = 4DC944511A9D21FC00258097 /* Build configuration list for PBXNativeTarget "DataConversion#6Tests" */;
			buildPhases = (
				4DC944401A9D21FB00258097 /* Sources */,
				4DC944411A9D21FB00258097 /* Frameworks */,
				4DC944421A9D21FB00258097 /* Resources */,
			);
			buildRules = (
			);
			dependencies = (
				4DC944461A9D21FB00258097 /* PBXTargetDependency */,
			);
			name = "DataConversion#6Tests";
			productName = "DataConversion#6Tests";
			productReference = 4DC944441A9D21FB00258097 /* DataConversion#6Tests.xctest */;
			productType = "com.apple.product-type.bundle.unit-test";
		};
/* End PBXNativeTarget section */

/* Begin PBXProject section */
		4DC944231A9D21FB00258097 /* Project object */ = {
			isa = PBXProject;
			attributes = {
				LastUpgradeCheck = 0610;
				ORGANIZATIONNAME = "Julio Reyes";
				TargetAttributes = {
					4DC9442A1A9D21FB00258097 = {
						CreatedOnToolsVersion = 6.1.1;
					};
					4DC944431A9D21FB00258097 = {
						CreatedOnToolsVersion = 6.1.1;
						TestTargetID = 4DC9442A1A9D21FB00258097;
					};
				};
			};
			buildConfigurationList = 4DC944261A9D21FB00258097 /* Build configuration list for PBXProject "DataConversion#6" */;
			compatibilityVersion = "Xcode 3.2";
			developmentRegion = English;
			hasScannedForEncodings = 0;
			knownRegions = (
				en,
				Base,
			);
			mainGroup = 4DC944221A9D21FB00258097;
			productRefGroup = 4DC9442C1A9D21FB00258097 /* Products */;
			projectDirPath = "";
			projectRoot = "";
			targets = (
				4DC9442A1A9D21FB00258097 /* DataConversion#6 */,
				4DC944431A9D21FB00258097 /* DataConversion#6Tests */,
			);
		};
/* End PBXProject section */

/* Begin PBXResourcesBuildPhase section */
		4DC944291A9D21FB00258097 /* Resources */ = {
			isa = PBXResourcesBuildPhase;
			buildActionMask = 2147483647;
			files = (
				4DC9443A1A9D21FB00258097 /* Main.storyboard in Resources */,
				4DC9443F1A9D21FB00258097 /* LaunchScreen.xib in Resources */,
				4DC9443C1A9D21FB00258097 /* Images.xcassets in Resources */,
			);
			runOnlyForDeploymentPostprocessing = 0;
		};
		4DC944421A9D21FB00258097 /* Resources */ = {
			isa = PBXResourcesBuildPhase;
			buildActionMask = 2147483647;
			files = (
			);
			runOnlyForDeploymentPostprocessing = 0;
		};
/* End PBXResourcesBuildPhase section */

/* Begin PBXSourcesBuildPhase section */
		4DC944271A9D21FB00258097 /* Sources */ = {
			isa = PBXSourcesBuildPhase;
			buildActionMask = 2147483647;
			files = (
				4DC944371A9D21FB00258097 /* ViewController.m in Sources */,
				4DC944341A9D21FB00258097 /* AppDelegate.m in Sources */,
				4DC944311A9D21FB00258097 /* main.m in Sources */,
			);
			runOnlyForDeploymentPostprocessing = 0;
		};
		4DC944401A9D21FB00258097 /* Sources */ = {
			isa = PBXSourcesBuildPhase;
			buildActionMask = 2147483647;
			files = (
				4DC9444B1A9D21FC00258097 /* DataConversion_6Tests.m in Sources */,
			);
			runOnlyForDeploymentPostprocessing = 0;
		};
/* End PBXSourcesBuildPhase section */

/* Begin PBXTargetDependency section */
		4DC944461A9D21FB00258097 /* PBXTargetDependency */ = {
			isa = PBXTargetDependency;
			target = 4DC9442A1A9D21FB00258097 /* DataConversion#6 */;
			targetProxy = 4DC944451A9D21FB00258097 /* PBXContainerItemProxy */;
		};
/* End PBXTargetDependency section */

/* Begin PBXVariantGroup section */
		4DC944381A9D21FB00258097 /* Main.storyboard */ = {
			isa = PBXVariantGroup;
			children = (
				4DC944391A9D21FB00258097 /* Base */,
			);
			name = Main.storyboard;
			sourceTree = "<group>";
		};
		4DC9443D1A9D21FB00258097 /* LaunchScreen.xib */ = {
			isa = PBXVariantGroup;
			children = (
				4DC9443E1A9D21FB00258097 /* Base */,
			);
			name = LaunchScreen.xib;
			sourceTree = "<group>";
		};
/* End PBXVariantGroup section */

/* Begin XCBuildConfiguration section */
		4DC9444C1A9D21FC00258097 /* Debug */ = {
			isa = XCBuildConfiguration;
			buildSettings = {
				ALWAYS_SEARCH_USER_PATHS = NO;
				CLANG_CXX_LANGUAGE_STANDARD = "gnu++0x";
				CLANG_CXX_LIBRARY = "libc++";
				CLANG_ENABLE_MODULES = YES;
				CLANG_ENABLE_OBJC_ARC = YES;
				CLANG_WARN_BOOL_CONVERSION = YES;
				CLANG_WARN_CONSTANT_CONVERSION = YES;
				CLANG_WARN_DIRECT_OBJC_ISA_USAGE = YES_ERROR;
				CLANG_WARN_EMPTY_BODY = YES;
				CLANG_WARN_ENUM_CONVERSION = YES;
				CLANG_WARN_INT_CONVERSION = YES;
				CLANG_WARN_OBJC_ROOT_CLASS = YES_ERROR;
				CLANG_WARN_UNREACHABLE_CODE = YES;
				CLANG_WARN__DUPLICATE_METHOD_MATCH = YES;
				"CODE_SIGN_IDENTITY[sdk=iphoneos*]" = "iPhone Developer";
				COPY_PHASE_STRIP = NO;
				ENABLE_STRICT_OBJC_MSGSEND = YES;
				GCC_C_LANGUAGE_STANDARD = gnu99;
				GCC_DYNAMIC_NO_PIC = NO;
				GCC_OPTIMIZATION_LEVEL = 0;
				GCC_PREPROCESSOR_DEFINITIONS = (
					"DEBUG=1",
					"$(inherited)",
				);
				GCC_SYMBOLS_PRIVATE_EXTERN = NO;
				GCC_WARN_64_TO_32_BIT_CONVERSION = YES;
				GCC_WARN_ABOUT_RETURN_TYPE = YES_ERROR;
				GCC_WARN_UNDECLARED_SELECTOR = YES;
				GCC_WARN_UNINITIALIZED_AUTOS = YES_AGGRESSIVE;
				GCC_WARN_UNUSED_FUNCTION = YES;
				GCC_WARN_UNUSED_VARIABLE = YES;
				IPHONEOS_DEPLOYMENT_TARGET = 8.1;
				MTL_ENABLE_DEBUG_INFO = YES;
				ONLY_ACTIVE_ARCH = YES;
				SDKROOT = iphoneos;
			};
			name = Debug;
		};
		4DC9444D1A9D21FC00258097 /* Release */ = {
			isa = XCBuildConfiguration;
			buildSettings = {
				ALWAYS_SEARCH_USER_PATHS = NO;
				CLANG_CXX_LANGUAGE_STANDARD = "gnu++0x";
				CLANG_CXX_LIBRARY = "libc++";
				CLANG_ENABLE_MODULES = YES;
				CLANG_ENABLE_OBJC_ARC = YES;
				CLANG_WARN_BOOL_CONVERSION = YES;
				CLANG_WARN_CONSTANT_CONVERSION = YES;
				CLANG_WARN_DIRECT_OBJC_ISA_USAGE = YES_ERROR;
				CLANG_WARN_EMPTY_BODY = YES;
				CLANG_WARN_ENUM_CONVERSION = YES;
				CLANG_WARN_INT_CONVERSION = YES;
				CLANG_WARN_OBJC_ROOT_CLASS = YES_ERROR;
				CLANG_WARN_UNREACHABLE_CODE = YES;
				CLANG_WARN__DUPLICATE_METHOD_MATCH = YES;
				"CODE_SIGN_IDENTITY[sdk=iphoneos*]" = "iPhone Developer";
				COPY_PHASE_STRIP = YES;
				ENABLE_NS_ASSERTIONS = NO;
				ENABLE_STRICT_OBJC_MSGSEND = YES;
				GCC_C_LANGUAGE_STANDARD = gnu99;
				GCC_WARN_64_TO_32_BIT_CONVERSION = YES;
				GCC_WARN_ABOUT_RETURN_TYPE = YES_ERROR;
				GCC_WARN_UNDECLARED_SELECTOR = YES;
				GCC_WARN_UNINITIALIZED_AUTOS = YES_AGGRESSIVE;
				GCC_WARN_UNUSED_FUNCTION = YES;
				GCC_WARN_UNUSED_VARIABLE = YES;
				IPHONEOS_DEPLOYMENT_TARGET = 8.1;
				MTL_ENABLE_DEBUG_INFO = NO;
				SDKROOT = iphoneos;
				VALIDATE_PRODUCT = YES;
			};
			name = Release;
		};
		4DC9444F1A9D21FC00258097 /* Debug */ = {
			isa = XCBuildConfiguration;
			buildSettings = {
				ASSETCATALOG_COMPILER_APPICON_NAME = AppIcon;
				INFOPLIST_FILE = "DataConversion#6/Info.plist";
				LD_RUNPATH_SEARCH_PATHS = "$(inherited) @executable_path/Frameworks";
				PRODUCT_NAME = "$(TARGET_NAME)";
			};
			name = Debug;
		};
		4DC944501A9D21FC00258097 /* Release */ = {
			isa = XCBuildConfiguration;
			buildSettings = {
				ASSETCATALOG_COMPILER_APPICON_NAME = AppIcon;
				INFOPLIST_FILE = "DataConversion#6/Info.plist";
				LD_RUNPATH_SEARCH_PATHS = "$(inherited) @executable_path/Frameworks";
				PRODUCT_NAME = "$(TARGET_NAME)";
			};
			name = Release;
		};
		4DC944521A9D21FC00258097 /* Debug */ = {
			isa = XCBuildConfiguration;
			buildSettings = {
				BUNDLE_LOADER = "$(TEST_HOST)";
				FRAMEWORK_SEARCH_PATHS = (
					"$(SDKROOT)/Developer/Library/Frameworks",
					"$(inherited)",
				);
				GCC_PREPROCESSOR_DEFINITIONS = (
					"DEBUG=1",
					"$(inherited)",
				);
				INFOPLIST_FILE = "DataConversion#6Tests/Info.plist";
				LD_RUNPATH_SEARCH_PATHS = "$(inherited) @executable_path/Frameworks @loader_path/Frameworks";
				PRODUCT_NAME = "$(TARGET_NAME)";
				TEST_HOST = "$(BUILT_PRODUCTS_DIR)/DataConversion#6.app/DataConversion#6";
			};
			name = Debug;
		};
		4DC944531A9D21FC00258097 /* Release */ = {
			isa = XCBuildConfiguration;
			buildSettings = {
				BUNDLE_LOADER = "$(TEST_HOST)";
				FRAMEWORK_SEARCH_PATHS = (
					"$(SDKROOT)/Developer/Library/Frameworks",
					"$(inherited)",
				);
				INFOPLIST_FILE = "DataConversion#6Tests/Info.plist";
				LD_RUNPATH_SEARCH_PATHS = "$(inherited) @executable_path/Frameworks @loader_path/Frameworks";
				PRODUCT_NAME = "$(TARGET_NAME)";
				TEST_HOST = "$(BUILT_PRODUCTS_DIR)/DataConversion#6.app/DataConversion#6";
			};
			name = Release;
		};
/* End XCBuildConfiguration section */

/* Begin XCConfigurationList section */
		4DC944261A9D21FB00258097 /* Build configuration list for PBXProject "DataConversion#6" */ = {
			isa = XCConfigurationList;
			buildConfigurations = (
				4DC9444C1A9D21FC00258097 /* Debug */,
				4DC9444D1A9D21FC00258097 /* Release */,
			);
			defaultConfigurationIsVisible = 0;
			defaultConfigurationName = Release;
		};
		4DC9444E1A9D21FC00258097 /* Build configuration list for PBXNativeTarget "DataConversion#6" */ = {
			isa = XCConfigurationList;
			buildConfigurations = (
				4DC9444F1A9D21FC00258097 /* Debug */,
				4DC944501A9D21FC00258097 /* Release */,
			);
			defaultConfigurationIsVisible = 0;
		};
		4DC944511A9D21FC00258097 /* Build configuration list for PBXNativeTarget "DataConversion#6Tests" */ = {
			isa = XCConfigurationList;
			buildConfigurations = (
				4DC944521A9D21FC00258097 /* Debug */,
				4DC944531A9D21FC00258097 /* Release */,
			);
			defaultConfigurationIsVisible = 0;
		};
/* End XCConfigurationList section */
	};
	rootObject = 4DC944231A9D21FB00258097 /* Project object */;
}
