// !$*UTF8*$!
{
	archiveVersion = 1;
	classes = {
	};
	objectVersion = 46;
	objects = {

/* Begin PBXBuildFile section */
		48E88FC91862BEC2001ABEE8 /* UIKit.framework in Frameworks */ = {isa = PBXBuildFile; fileRef = 48E88FC81862BEC2001ABEE8 /* UIKit.framework */; };
		48E88FCB1862BEC2001ABEE8 /* Foundation.framework in Frameworks */ = {isa = PBXBuildFile; fileRef = 48E88FCA1862BEC2001ABEE8 /* Foundation.framework */; };
		48E88FCD1862BEC2001ABEE8 /* CoreGraphics.framework in Frameworks */ = {isa = PBXBuildFile; fileRef = 48E88FCC1862BEC2001ABEE8 /* CoreGraphics.framework */; };
		48E88FD31862BEC3001ABEE8 /* InfoPlist.strings in Resources */ = {isa = PBXBuildFile; fileRef = 48E88FD11862BEC3001ABEE8 /* InfoPlist.strings */; };
		48E88FD51862BEC3001ABEE8 /* main.m in Sources */ = {isa = PBXBuildFile; fileRef = 48E88FD41862BEC3001ABEE8 /* main.m */; };
		48E88FD91862BEC3001ABEE8 /* DEMOAppDelegate.m in Sources */ = {isa = PBXBuildFile; fileRef = 48E88FD81862BEC3001ABEE8 /* DEMOAppDelegate.m */; };
		48E88FDB1862BEC3001ABEE8 /* Default.png in Resources */ = {isa = PBXBuildFile; fileRef = 48E88FDA1862BEC3001ABEE8 /* Default.png */; };
		48E88FDD1862BEC3001ABEE8 /* Default@2x.png in Resources */ = {isa = PBXBuildFile; fileRef = 48E88FDC1862BEC3001ABEE8 /* Default@2x.png */; };
		48E88FDF1862BEC3001ABEE8 /* Default-568h@2x.png in Resources */ = {isa = PBXBuildFile; fileRef = 48E88FDE1862BEC3001ABEE8 /* Default-568h@2x.png */; };
		48E88FE21862BEC3001ABEE8 /* DEMOViewController.m in Sources */ = {isa = PBXBuildFile; fileRef = 48E88FE11862BEC3001ABEE8 /* DEMOViewController.m */; };
		48E88FE51862BEC3001ABEE8 /* DEMOViewController.xib in Resources */ = {isa = PBXBuildFile; fileRef = 48E88FE31862BEC3001ABEE8 /* DEMOViewController.xib */; };
		48E88FED1862C150001ABEE8 /* Employee.m in Sources */ = {isa = PBXBuildFile; fileRef = 48E88FEC1862C150001ABEE8 /* Employee.m */; };
/* End PBXBuildFile section */

/* Begin PBXFileReference section */
		48E88FC51862BEC2001ABEE8 /* NSUserDefaultSample.app */ = {isa = PBXFileReference; explicitFileType = wrapper.application; includeInIndex = 0; path = NSUserDefaultSample.app; sourceTree = BUILT_PRODUCTS_DIR; };
		48E88FC81862BEC2001ABEE8 /* UIKit.framework */ = {isa = PBXFileReference; lastKnownFileType = wrapper.framework; name = UIKit.framework; path = System/Library/Frameworks/UIKit.framework; sourceTree = SDKROOT; };
		48E88FCA1862BEC2001ABEE8 /* Foundation.framework */ = {isa = PBXFileReference; lastKnownFileType = wrapper.framework; name = Foundation.framework; path = System/Library/Frameworks/Foundation.framework; sourceTree = SDKROOT; };
		48E88FCC1862BEC2001ABEE8 /* CoreGraphics.framework */ = {isa = PBXFileReference; lastKnownFileType = wrapper.framework; name = CoreGraphics.framework; path = System/Library/Frameworks/CoreGraphics.framework; sourceTree = SDKROOT; };
		48E88FD01862BEC3001ABEE8 /* NSUserDefaultSample-Info.plist */ = {isa = PBXFileReference; lastKnownFileType = text.plist.xml; path = "NSUserDefaultSample-Info.plist"; sourceTree = "<group>"; };
		48E88FD21862BEC3001ABEE8 /* en */ = {isa = PBXFileReference; lastKnownFileType = text.plist.strings; name = en; path = en.lproj/InfoPlist.strings; sourceTree = "<group>"; };
		48E88FD41862BEC3001ABEE8 /* main.m */ = {isa = PBXFileReference; lastKnownFileType = sourcecode.c.objc; path = main.m; sourceTree = "<group>"; };
		48E88FD61862BEC3001ABEE8 /* NSUserDefaultSample-Prefix.pch */ = {isa = PBXFileReference; lastKnownFileType = sourcecode.c.h; path = "NSUserDefaultSample-Prefix.pch"; sourceTree = "<group>"; };
		48E88FD71862BEC3001ABEE8 /* DEMOAppDelegate.h */ = {isa = PBXFileReference; lastKnownFileType = sourcecode.c.h; path = DEMOAppDelegate.h; sourceTree = "<group>"; };
		48E88FD81862BEC3001ABEE8 /* DEMOAppDelegate.m */ = {isa = PBXFileReference; lastKnownFileType = sourcecode.c.objc; path = DEMOAppDelegate.m; sourceTree = "<group>"; };
		48E88FDA1862BEC3001ABEE8 /* Default.png */ = {isa = PBXFileReference; lastKnownFileType = image.png; path = Default.png; sourceTree = "<group>"; };
		48E88FDC1862BEC3001ABEE8 /* Default@2x.png */ = {isa = PBXFileReference; lastKnownFileType = image.png; path = "Default@2x.png"; sourceTree = "<group>"; };
		48E88FDE1862BEC3001ABEE8 /* Default-568h@2x.png */ = {isa = PBXFileReference; lastKnownFileType = image.png; path = "Default-568h@2x.png"; sourceTree = "<group>"; };
		48E88FE01862BEC3001ABEE8 /* DEMOViewController.h */ = {isa = PBXFileReference; lastKnownFileType = sourcecode.c.h; path = DEMOViewController.h; sourceTree = "<group>"; };
		48E88FE11862BEC3001ABEE8 /* DEMOViewController.m */ = {isa = PBXFileReference; lastKnownFileType = sourcecode.c.objc; path = DEMOViewController.m; sourceTree = "<group>"; };
		48E88FE41862BEC3001ABEE8 /* en */ = {isa = PBXFileReference; lastKnownFileType = file.xib; name = en; path = en.lproj/DEMOViewController.xib; sourceTree = "<group>"; };
		48E88FEB1862C150001ABEE8 /* Employee.h */ = {isa = PBXFileReference; fileEncoding = 4; lastKnownFileType = sourcecode.c.h; path = Employee.h; sourceTree = "<group>"; };
		48E88FEC1862C150001ABEE8 /* Employee.m */ = {isa = PBXFileReference; fileEncoding = 4; lastKnownFileType = sourcecode.c.objc; path = Employee.m; sourceTree = "<group>"; };
/* End PBXFileReference section */

/* Begin PBXFrameworksBuildPhase section */
		48E88FC21862BEC2001ABEE8 /* Frameworks */ = {
			isa = PBXFrameworksBuildPhase;
			buildActionMask = 2147483647;
			files = (
				48E88FC91862BEC2001ABEE8 /* UIKit.framework in Frameworks */,
				48E88FCB1862BEC2001ABEE8 /* Foundation.framework in Frameworks */,
				48E88FCD1862BEC2001ABEE8 /* CoreGraphics.framework in Frameworks */,
			);
			runOnlyForDeploymentPostprocessing = 0;
		};
/* End PBXFrameworksBuildPhase section */

/* Begin PBXGroup section */
		48E88FBC1862BEC2001ABEE8 = {
			isa = PBXGroup;
			children = (
				48E88FCE1862BEC3001ABEE8 /* NSUserDefaultSample */,
				48E88FC71862BEC2001ABEE8 /* Frameworks */,
				48E88FC61862BEC2001ABEE8 /* Products */,
			);
			sourceTree = "<group>";
		};
		48E88FC61862BEC2001ABEE8 /* Products */ = {
			isa = PBXGroup;
			children = (
				48E88FC51862BEC2001ABEE8 /* NSUserDefaultSample.app */,
			);
			name = Products;
			sourceTree = "<group>";
		};
		48E88FC71862BEC2001ABEE8 /* Frameworks */ = {
			isa = PBXGroup;
			children = (
				48E88FC81862BEC2001ABEE8 /* UIKit.framework */,
				48E88FCA1862BEC2001ABEE8 /* Foundation.framework */,
				48E88FCC1862BEC2001ABEE8 /* CoreGraphics.framework */,
			);
			name = Frameworks;
			sourceTree = "<group>";
		};
		48E88FCE1862BEC3001ABEE8 /* NSUserDefaultSample */ = {
			isa = PBXGroup;
			children = (
				48E88FD71862BEC3001ABEE8 /* DEMOAppDelegate.h */,
				48E88FD81862BEC3001ABEE8 /* DEMOAppDelegate.m */,
				48E88FE01862BEC3001ABEE8 /* DEMOViewController.h */,
				48E88FE11862BEC3001ABEE8 /* DEMOViewController.m */,
				48E88FE31862BEC3001ABEE8 /* DEMOViewController.xib */,
				48E88FCF1862BEC3001ABEE8 /* Supporting Files */,
				48E88FEB1862C150001ABEE8 /* Employee.h */,
				48E88FEC1862C150001ABEE8 /* Employee.m */,
			);
			path = NSUserDefaultSample;
			sourceTree = "<group>";
		};
		48E88FCF1862BEC3001ABEE8 /* Supporting Files */ = {
			isa = PBXGroup;
			children = (
				48E88FD01862BEC3001ABEE8 /* NSUserDefaultSample-Info.plist */,
				48E88FD11862BEC3001ABEE8 /* InfoPlist.strings */,
				48E88FD41862BEC3001ABEE8 /* main.m */,
				48E88FD61862BEC3001ABEE8 /* NSUserDefaultSample-Prefix.pch */,
				48E88FDA1862BEC3001ABEE8 /* Default.png */,
				48E88FDC1862BEC3001ABEE8 /* Default@2x.png */,
				48E88FDE1862BEC3001ABEE8 /* Default-568h@2x.png */,
			);
			name = "Supporting Files";
			sourceTree = "<group>";
		};
/* End PBXGroup section */

/* Begin PBXNativeTarget section */
		48E88FC41862BEC2001ABEE8 /* NSUserDefaultSample */ = {
			isa = PBXNativeTarget;
			buildConfigurationList = 48E88FE81862BEC3001ABEE8 /* Build configuration list for PBXNativeTarget "NSUserDefaultSample" */;
			buildPhases = (
				48E88FC11862BEC2001ABEE8 /* Sources */,
				48E88FC21862BEC2001ABEE8 /* Frameworks */,
				48E88FC31862BEC2001ABEE8 /* Resources */,
			);
			buildRules = (
			);
			dependencies = (
			);
			name = NSUserDefaultSample;
			productName = NSUserDefaultSample;
			productReference = 48E88FC51862BEC2001ABEE8 /* NSUserDefaultSample.app */;
			productType = "com.apple.product-type.application";
		};
/* End PBXNativeTarget section */

/* Begin PBXProject section */
		48E88FBD1862BEC2001ABEE8 /* Project object */ = {
			isa = PBXProject;
			attributes = {
				CLASSPREFIX = DEMO;
				LastUpgradeCheck = 0460;
				ORGANIZATIONNAME = Aditya;
			};
			buildConfigurationList = 48E88FC01862BEC2001ABEE8 /* Build configuration list for PBXProject "NSUserDefaultSample" */;
			compatibilityVersion = "Xcode 3.2";
			developmentRegion = English;
			hasScannedForEncodings = 0;
			knownRegions = (
				en,
			);
			mainGroup = 48E88FBC1862BEC2001ABEE8;
			productRefGroup = 48E88FC61862BEC2001ABEE8 /* Products */;
			projectDirPath = "";
			projectRoot = "";
			targets = (
				48E88FC41862BEC2001ABEE8 /* NSUserDefaultSample */,
			);
		};
/* End PBXProject section */

/* Begin PBXResourcesBuildPhase section */
		48E88FC31862BEC2001ABEE8 /* Resources */ = {
			isa = PBXResourcesBuildPhase;
			buildActionMask = 2147483647;
			files = (
				48E88FD31862BEC3001ABEE8 /* InfoPlist.strings in Resources */,
				48E88FDB1862BEC3001ABEE8 /* Default.png in Resources */,
				48E88FDD1862BEC3001ABEE8 /* Default@2x.png in Resources */,
				48E88FDF1862BEC3001ABEE8 /* Default-568h@2x.png in Resources */,
				48E88FE51862BEC3001ABEE8 /* DEMOViewController.xib in Resources */,
			);
			runOnlyForDeploymentPostprocessing = 0;
		};
/* End PBXResourcesBuildPhase section */

/* Begin PBXSourcesBuildPhase section */
		48E88FC11862BEC2001ABEE8 /* Sources */ = {
			isa = PBXSourcesBuildPhase;
			buildActionMask = 2147483647;
			files = (
				48E88FD51862BEC3001ABEE8 /* main.m in Sources */,
				48E88FD91862BEC3001ABEE8 /* DEMOAppDelegate.m in Sources */,
				48E88FE21862BEC3001ABEE8 /* DEMOViewController.m in Sources */,
				48E88FED1862C150001ABEE8 /* Employee.m in Sources */,
			);
			runOnlyForDeploymentPostprocessing = 0;
		};
/* End PBXSourcesBuildPhase section */

/* Begin PBXVariantGroup section */
		48E88FD11862BEC3001ABEE8 /* InfoPlist.strings */ = {
			isa = PBXVariantGroup;
			children = (
				48E88FD21862BEC3001ABEE8 /* en */,
			);
			name = InfoPlist.strings;
			sourceTree = "<group>";
		};
		48E88FE31862BEC3001ABEE8 /* DEMOViewController.xib */ = {
			isa = PBXVariantGroup;
			children = (
				48E88FE41862BEC3001ABEE8 /* en */,
			);
			name = DEMOViewController.xib;
			sourceTree = "<group>";
		};
/* End PBXVariantGroup section */

/* Begin XCBuildConfiguration section */
		48E88FE61862BEC3001ABEE8 /* Debug */ = {
			isa = XCBuildConfiguration;
			buildSettings = {
				ALWAYS_SEARCH_USER_PATHS = NO;
				CLANG_CXX_LANGUAGE_STANDARD = "gnu++0x";
				CLANG_CXX_LIBRARY = "libc++";
				CLANG_ENABLE_OBJC_ARC = YES;
				CLANG_WARN_CONSTANT_CONVERSION = YES;
				CLANG_WARN_EMPTY_BODY = YES;
				CLANG_WARN_ENUM_CONVERSION = YES;
				CLANG_WARN_INT_CONVERSION = YES;
				CLANG_WARN__DUPLICATE_METHOD_MATCH = YES;
				"CODE_SIGN_IDENTITY[sdk=iphoneos*]" = "iPhone Developer";
				COPY_PHASE_STRIP = NO;
				GCC_C_LANGUAGE_STANDARD = gnu99;
				GCC_DYNAMIC_NO_PIC = NO;
				GCC_OPTIMIZATION_LEVEL = 0;
				GCC_PREPROCESSOR_DEFINITIONS = (
					"DEBUG=1",
					"$(inherited)",
				);
				GCC_SYMBOLS_PRIVATE_EXTERN = NO;
				GCC_WARN_ABOUT_RETURN_TYPE = YES;
				GCC_WARN_UNINITIALIZED_AUTOS = YES;
				GCC_WARN_UNUSED_VARIABLE = YES;
				IPHONEOS_DEPLOYMENT_TARGET = 6.1;
				ONLY_ACTIVE_ARCH = YES;
				SDKROOT = iphoneos;
				TARGETED_DEVICE_FAMILY = 2;
			};
			name = Debug;
		};
		48E88FE71862BEC3001ABEE8 /* Release */ = {
			isa = XCBuildConfiguration;
			buildSettings = {
				ALWAYS_SEARCH_USER_PATHS = NO;
				CLANG_CXX_LANGUAGE_STANDARD = "gnu++0x";
				CLANG_CXX_LIBRARY = "libc++";
				CLANG_ENABLE_OBJC_ARC = YES;
				CLANG_WARN_CONSTANT_CONVERSION = YES;
				CLANG_WARN_EMPTY_BODY = YES;
				CLANG_WARN_ENUM_CONVERSION = YES;
				CLANG_WARN_INT_CONVERSION = YES;
				CLANG_WARN__DUPLICATE_METHOD_MATCH = YES;
				"CODE_SIGN_IDENTITY[sdk=iphoneos*]" = "iPhone Developer";
				COPY_PHASE_STRIP = YES;
				GCC_C_LANGUAGE_STANDARD = gnu99;
				GCC_WARN_ABOUT_RETURN_TYPE = YES;
				GCC_WARN_UNINITIALIZED_AUTOS = YES;
				GCC_WARN_UNUSED_VARIABLE = YES;
				IPHONEOS_DEPLOYMENT_TARGET = 6.1;
				OTHER_CFLAGS = "-DNS_BLOCK_ASSERTIONS=1";
				SDKROOT = iphoneos;
				TARGETED_DEVICE_FAMILY = 2;
				VALIDATE_PRODUCT = YES;
			};
			name = Release;
		};
		48E88FE91862BEC3001ABEE8 /* Debug */ = {
			isa = XCBuildConfiguration;
			buildSettings = {
				GCC_PRECOMPILE_PREFIX_HEADER = YES;
				GCC_PREFIX_HEADER = "NSUserDefaultSample/NSUserDefaultSample-Prefix.pch";
				INFOPLIST_FILE = "NSUserDefaultSample/NSUserDefaultSample-Info.plist";
				PRODUCT_NAME = "$(TARGET_NAME)";
				WRAPPER_EXTENSION = app;
			};
			name = Debug;
		};
		48E88FEA1862BEC3001ABEE8 /* Release */ = {
			isa = XCBuildConfiguration;
			buildSettings = {
				GCC_PRECOMPILE_PREFIX_HEADER = YES;
				GCC_PREFIX_HEADER = "NSUserDefaultSample/NSUserDefaultSample-Prefix.pch";
				INFOPLIST_FILE = "NSUserDefaultSample/NSUserDefaultSample-Info.plist";
				PRODUCT_NAME = "$(TARGET_NAME)";
				WRAPPER_EXTENSION = app;
			};
			name = Release;
		};
/* End XCBuildConfiguration section */

/* Begin XCConfigurationList section */
		48E88FC01862BEC2001ABEE8 /* Build configuration list for PBXProject "NSUserDefaultSample" */ = {
			isa = XCConfigurationList;
			buildConfigurations = (
				48E88FE61862BEC3001ABEE8 /* Debug */,
				48E88FE71862BEC3001ABEE8 /* Release */,
			);
			defaultConfigurationIsVisible = 0;
			defaultConfigurationName = Release;
		};
		48E88FE81862BEC3001ABEE8 /* Build configuration list for PBXNativeTarget "NSUserDefaultSample" */ = {
			isa = XCConfigurationList;
			buildConfigurations = (
				48E88FE91862BEC3001ABEE8 /* Debug */,
				48E88FEA1862BEC3001ABEE8 /* Release */,
			);
			defaultConfigurationIsVisible = 0;
		};
/* End XCConfigurationList section */
	};
	rootObject = 48E88FBD1862BEC2001ABEE8 /* Project object */;
}
